
Microsoft Visual Studio Solution File, Format Version 12.00
# Visual Studio 14
VisualStudioVersion = 14.0.25420.1
MinimumVisualStudioVersion = 10.0.40219.1
Project("{FAE04EC0-301F-11D3-BF4B-00C04F79EFBC}") = "InterestRateCalc", "InterestRateCalc\InterestRateCalc.csproj", "{264E21D6-4024-4A53-B1BE-1CD42F3348FE}"
EndProject
Project("{2150E333-8FDC-42A3-9474-1A3956D46DE8}") = ".nuget", ".nuget", "{BA324694-07F7-4D59-868A-AA10BAC225CA}"
EndProject
Project("{2150E333-8FDC-42A3-9474-1A3956D46DE8}") = "Solution Items", "Solution Items", "{70D80534-6887-4761-B5E5-8F5EC4CD6AE8}"
EndProject
Project("{FAE04EC0-301F-11D3-BF4B-00C04F79EFBC}") = "WcfServiceTestApplication", "WcfServiceTestApplication\WcfServiceTestApplication.csproj", "{0BA7F5B7-C91D-4273-87E1-EC7866DD3573}"
EndProject
Project("{FAE04EC0-301F-11D3-BF4B-00C04F79EFBC}") = "InterestRateCalcService", "InterestRateCalcService\InterestRateCalcService.csproj", "{658DE31B-233F-42C0-AC00-152593FB2927}"
EndProject
Global
	GlobalSection(SolutionConfigurationPlatforms) = preSolution
		Debug|Any CPU = Debug|Any CPU
		Release|Any CPU = Release|Any CPU
	EndGlobalSection
	GlobalSection(ProjectConfigurationPlatforms) = postSolution
		{264E21D6-4024-4A53-B1BE-1CD42F3348FE}.Debug|Any CPU.ActiveCfg = Debug|Any CPU
		{264E21D6-4024-4A53-B1BE-1CD42F3348FE}.Debug|Any CPU.Build.0 = Debug|Any CPU
		{264E21D6-4024-4A53-B1BE-1CD42F3348FE}.Release|Any CPU.ActiveCfg = Release|Any CPU
		{264E21D6-4024-4A53-B1BE-1CD42F3348FE}.Release|Any CPU.Build.0 = Release|Any CPU
		{0BA7F5B7-C91D-4273-87E1-EC7866DD3573}.Debug|Any CPU.ActiveCfg = Debug|Any CPU
		{0BA7F5B7-C91D-4273-87E1-EC7866DD3573}.Debug|Any CPU.Build.0 = Debug|Any CPU
		{0BA7F5B7-C91D-4273-87E1-EC7866DD3573}.Release|Any CPU.ActiveCfg = Release|Any CPU
		{0BA7F5B7-C91D-4273-87E1-EC7866DD3573}.Release|Any CPU.Build.0 = Release|Any CPU
		{658DE31B-233F-42C0-AC00-152593FB2927}.Debug|Any CPU.ActiveCfg = Debug|Any CPU
		{658DE31B-233F-42C0-AC00-152593FB2927}.Debug|Any CPU.Build.0 = Debug|Any CPU
		{658DE31B-233F-42C0-AC00-152593FB2927}.Release|Any CPU.ActiveCfg = Release|Any CPU
		{658DE31B-233F-42C0-AC00-152593FB2927}.Release|Any CPU.Build.0 = Release|Any CPU
	EndGlobalSection
	GlobalSection(SolutionProperties) = preSolution
		HideSolutionNode = FALSE
	EndGlobalSection
EndGlobal
